Microsoft Visual Studio Solution File, Format Version 12.00
# Visual Studio 16
Project("{8BC9CEB8-8B4A-11D0-8D11-00A0C91BC942}") = "ALL_BUILD", "ALL_BUILD.vcxproj", "{D9D7595D-736B-3A7C-BFB7-C112A2540EFF}"
	ProjectSection(ProjectDependencies) = postProject
		{3C10A216-1298-32C4-A30D-D041CCC0B8EE} = {3C10A216-1298-32C4-A30D-D041CCC0B8EE}
		{9243BF83-349D-3473-A1D9-522EDAC91C3C} = {9243BF83-349D-3473-A1D9-522EDAC91C3C}
	EndProjectSection
EndProject
Project("{8BC9CEB8-8B4A-11D0-8D11-00A0C91BC942}") = "ZERO_CHECK", "ZERO_CHECK.vcxproj", "{3C10A216-1298-32C4-A30D-D041CCC0B8EE}"
	ProjectSection(ProjectDependencies) = postProject
	EndProjectSection
EndProject
Project("{8BC9CEB8-8B4A-11D0-8D11-00A0C91BC942}") = "tinyraytracer", "tinyraytracer.vcxproj", "{9243BF83-349D-3473-A1D9-522EDAC91C3C}"
	ProjectSection(ProjectDependencies) = postProject
		{3C10A216-1298-32C4-A30D-D041CCC0B8EE} = {3C10A216-1298-32C4-A30D-D041CCC0B8EE}
	EndProjectSection
EndProject
Global
	GlobalSection(SolutionConfigurationPlatforms) = preSolution
		Debug|x64 = Debug|x64
		Release|x64 = Release|x64
		MinSizeRel|x64 = MinSizeRel|x64
		RelWithDebInfo|x64 = RelWithDebInfo|x64
	EndGlobalSection
	GlobalSection(ProjectConfigurationPlatforms) = postSolution
		{D9D7595D-736B-3A7C-BFB7-C112A2540EFF}.Debug|x64.ActiveCfg = Debug|x64
		{D9D7595D-736B-3A7C-BFB7-C112A2540EFF}.Release|x64.ActiveCfg = Release|x64
		{D9D7595D-736B-3A7C-BFB7-C112A2540EFF}.MinSizeRel|x64.ActiveCfg = MinSizeRel|x64
		{D9D7595D-736B-3A7C-BFB7-C112A2540EFF}.RelWithDebInfo|x64.ActiveCfg = RelWithDebInfo|x64
		{3C10A216-1298-32C4-A30D-D041CCC0B8EE}.Debug|x64.ActiveCfg = Debug|x64
		{3C10A216-1298-32C4-A30D-D041CCC0B8EE}.Debug|x64.Build.0 = Debug|x64
		{3C10A216-1298-32C4-A30D-D041CCC0B8EE}.Release|x64.ActiveCfg = Release|x64
		{3C10A216-1298-32C4-A30D-D041CCC0B8EE}.Release|x64.Build.0 = Release|x64
		{3C10A216-1298-32C4-A30D-D041CCC0B8EE}.MinSizeRel|x64.ActiveCfg = MinSizeRel|x64
		{3C10A216-1298-32C4-A30D-D041CCC0B8EE}.MinSizeRel|x64.Build.0 = MinSizeRel|x64
		{3C10A216-1298-32C4-A30D-D041CCC0B8EE}.RelWithDebInfo|x64.ActiveCfg = RelWithDebInfo|x64
		{3C10A216-1298-32C4-A30D-D041CCC0B8EE}.RelWithDebInfo|x64.Build.0 = RelWithDebInfo|x64
		{9243BF83-349D-3473-A1D9-522EDAC91C3C}.Debug|x64.ActiveCfg = Debug|x64
		{9243BF83-349D-3473-A1D9-522EDAC91C3C}.Debug|x64.Build.0 = Debug|x64
		{9243BF83-349D-3473-A1D9-522EDAC91C3C}.Release|x64.ActiveCfg = Release|x64
		{9243BF83-349D-3473-A1D9-522EDAC91C3C}.Release|x64.Build.0 = Release|x64
		{9243BF83-349D-3473-A1D9-522EDAC91C3C}.MinSizeRel|x64.ActiveCfg = MinSizeRel|x64
		{9243BF83-349D-3473-A1D9-522EDAC91C3C}.MinSizeRel|x64.Build.0 = MinSizeRel|x64
		{9243BF83-349D-3473-A1D9-522EDAC91C3C}.RelWithDebInfo|x64.ActiveCfg = RelWithDebInfo|x64
		{9243BF83-349D-3473-A1D9-522EDAC91C3C}.RelWithDebInfo|x64.Build.0 = RelWithDebInfo|x64
	EndGlobalSection
	GlobalSection(ExtensibilityGlobals) = postSolution
		SolutionGuid = {EB135DDF-4BF4-3303-9847-49C0F6D9DB36}
	EndGlobalSection
	GlobalSection(ExtensibilityAddIns) = postSolution
	EndGlobalSection
EndGlobal
